
Microsoft Visual Studio Solution File, Format Version 12.00
# Visual Studio Version 17
VisualStudioVersion = 17.2.32526.322
MinimumVisualStudioVersion = 10.0.40219.1
Project("{FAE04EC0-301F-11D3-BF4B-00C04F79EFBC}") = "Futbol_Lig-Projee", "Futbol_Lig-Projee\Futbol_Lig-Projee.csproj", "{792F5194-F6E8-4D00-A5A1-1060C8D72DCA}"
EndProject
Global
	GlobalSection(SolutionConfigurationPlatforms) = preSolution
		Debug|Any CPU = Debug|Any CPU
		Release|Any CPU = Release|Any CPU
	EndGlobalSection
	GlobalSection(ProjectConfigurationPlatforms) = postSolution
		{792F5194-F6E8-4D00-A5A1-1060C8D72DCA}.Debug|Any CPU.ActiveCfg = Debug|Any CPU
		{792F5194-F6E8-4D00-A5A1-1060C8D72DCA}.Debug|Any CPU.Build.0 = Debug|Any CPU
		{792F5194-F6E8-4D00-A5A1-1060C8D72DCA}.Release|Any CPU.ActiveCfg = Release|Any CPU
		{792F5194-F6E8-4D00-A5A1-1060C8D72DCA}.Release|Any CPU.Build.0 = Release|Any CPU
	EndGlobalSection
	GlobalSection(SolutionProperties) = preSolution
		HideSolutionNode = FALSE
	EndGlobalSection
	GlobalSection(ExtensibilityGlobals) = postSolution
		SolutionGuid = {EE9E4BA3-960D-4AF3-BC54-8BD1777513ED}
	EndGlobalSection
EndGlobal
