
Microsoft Visual Studio Solution File, Format Version 12.00
# Visual Studio Version 17
VisualStudioVersion = 17.2.32526.322
MinimumVisualStudioVersion = 10.0.40219.1
Project("{FAE04EC0-301F-11D3-BF4B-00C04F79EFBC}") = "Market_stok_Console-2", "Market_stok_Console-2\Market_stok_Console-2.csproj", "{DFDD9816-7CE8-46C7-AD71-972E270871A0}"
EndProject
Global
	GlobalSection(SolutionConfigurationPlatforms) = preSolution
		Debug|Any CPU = Debug|Any CPU
		Release|Any CPU = Release|Any CPU
	EndGlobalSection
	GlobalSection(ProjectConfigurationPlatforms) = postSolution
		{DFDD9816-7CE8-46C7-AD71-972E270871A0}.Debug|Any CPU.ActiveCfg = Debug|Any CPU
		{DFDD9816-7CE8-46C7-AD71-972E270871A0}.Debug|Any CPU.Build.0 = Debug|Any CPU
		{DFDD9816-7CE8-46C7-AD71-972E270871A0}.Release|Any CPU.ActiveCfg = Release|Any CPU
		{DFDD9816-7CE8-46C7-AD71-972E270871A0}.Release|Any CPU.Build.0 = Release|Any CPU
	EndGlobalSection
	GlobalSection(SolutionProperties) = preSolution
		HideSolutionNode = FALSE
	EndGlobalSection
	GlobalSection(ExtensibilityGlobals) = postSolution
		SolutionGuid = {06317185-1AE3-4D00-9261-950DF62B3672}
	EndGlobalSection
EndGlobal
